// !$*UTF8*$!
{
	archiveVersion = 1;
	classes = {
	};
	objectVersion = 51;
	objects = {

/* Begin PBXBuildFile section */
		507FA6AAEB37C5A4C72F9851 /* Pods_PodsBinaryCacheExample.framework in Frameworks */ = {isa = PBXBuildFile; fileRef = 9DDA5B56E675D1DA6B21665E /* Pods_PodsBinaryCacheExample.framework */; };
		FD5D53602501C124008D36B5 /* AppDelegate.swift in Sources */ = {isa = PBXBuildFile; fileRef = FD5D535F2501C124008D36B5 /* AppDelegate.swift */; };
		FD5D53642501C124008D36B5 /* ViewController.swift in Sources */ = {isa = PBXBuildFile; fileRef = FD5D53632501C124008D36B5 /* ViewController.swift */; };
		FD5D53672501C124008D36B5 /* Main.storyboard in Resources */ = {isa = PBXBuildFile; fileRef = FD5D53652501C124008D36B5 /* Main.storyboard */; };
		FD5D53692501C126008D36B5 /* Assets.xcassets in Resources */ = {isa = PBXBuildFile; fileRef = FD5D53682501C126008D36B5 /* Assets.xcassets */; };
		FD5D536C2501C126008D36B5 /* LaunchScreen.storyboard in Resources */ = {isa = PBXBuildFile; fileRef = FD5D536A2501C126008D36B5 /* LaunchScreen.storyboard */; };
/* End PBXBuildFile section */

/* Begin PBXFileReference section */
		5769AEF17FE00D4DD09A46B1 /* Pods-PodsBinaryCacheExample.release.xcconfig */ = {isa = PBXFileReference; includeInIndex = 1; lastKnownFileType = text.xcconfig; name = "Pods-PodsBinaryCacheExample.release.xcconfig"; path = "Target Support Files/Pods-PodsBinaryCacheExample/Pods-PodsBinaryCacheExample.release.xcconfig"; sourceTree = "<group>"; };
		9DDA5B56E675D1DA6B21665E /* Pods_PodsBinaryCacheExample.framework */ = {isa = PBXFileReference; explicitFileType = wrapper.framework; includeInIndex = 0; path = Pods_PodsBinaryCacheExample.framework; sourceTree = BUILT_PRODUCTS_DIR; };
		DB34DD8F70D60445B8E784F2 /* Pods-PodsBinaryCacheExample.debug.xcconfig */ = {isa = PBXFileReference; includeInIndex = 1; lastKnownFileType = text.xcconfig; name = "Pods-PodsBinaryCacheExample.debug.xcconfig"; path = "Target Support Files/Pods-PodsBinaryCacheExample/Pods-PodsBinaryCacheExample.debug.xcconfig"; sourceTree = "<group>"; };
		FD5D535C2501C124008D36B5 /* PodsBinaryCacheExample.app */ = {isa = PBXFileReference; explicitFileType = wrapper.application; includeInIndex = 0; path = PodsBinaryCacheExample.app; sourceTree = BUILT_PRODUCTS_DIR; };
		FD5D535F2501C124008D36B5 /* AppDelegate.swift */ = {isa = PBXFileReference; lastKnownFileType = sourcecode.swift; path = AppDelegate.swift; sourceTree = "<group>"; };
		FD5D53632501C124008D36B5 /* ViewController.swift */ = {isa = PBXFileReference; lastKnownFileType = sourcecode.swift; path = ViewController.swift; sourceTree = "<group>"; };
		FD5D53662501C124008D36B5 /* Base */ = {isa = PBXFileReference; lastKnownFileType = file.storyboard; name = Base; path = Base.lproj/Main.storyboard; sourceTree = "<group>"; };
		FD5D53682501C126008D36B5 /* Assets.xcassets */ = {isa = PBXFileReference; lastKnownFileType = folder.assetcatalog; path = Assets.xcassets; sourceTree = "<group>"; };
		FD5D536B2501C126008D36B5 /* Base */ = {isa = PBXFileReference; lastKnownFileType = file.storyboard; name = Base; path = Base.lproj/LaunchScreen.storyboard; sourceTree = "<group>"; };
		FD5D536D2501C126008D36B5 /* Info.plist */ = {isa = PBXFileReference; lastKnownFileType = text.plist.xml; path = Info.plist; sourceTree = "<group>"; };
/* End PBXFileReference section */

/* Begin PBXFrameworksBuildPhase section */
		FD5D53592501C124008D36B5 /* Frameworks */ = {
			isa = PBXFrameworksBuildPhase;
			buildActionMask = 2147483647;
			files = (
				507FA6AAEB37C5A4C72F9851 /* Pods_PodsBinaryCacheExample.framework in Frameworks */,
			);
			runOnlyForDeploymentPostprocessing = 0;
		};
/* End PBXFrameworksBuildPhase section */

/* Begin PBXGroup section */
		2C94483D39FB3C30DD82046A /* Frameworks */ = {
			isa = PBXGroup;
			children = (
				9DDA5B56E675D1DA6B21665E /* Pods_PodsBinaryCacheExample.framework */,
			);
			name = Frameworks;
			sourceTree = "<group>";
		};
		49C4AE7F8349762F7A6FA337 /* Pods */ = {
			isa = PBXGroup;
			children = (
				DB34DD8F70D60445B8E784F2 /* Pods-PodsBinaryCacheExample.debug.xcconfig */,
				5769AEF17FE00D4DD09A46B1 /* Pods-PodsBinaryCacheExample.release.xcconfig */,
			);
			path = Pods;
			sourceTree = "<group>";
		};
		FD5D53532501C124008D36B5 = {
			isa = PBXGroup;
			children = (
				FD5D535E2501C124008D36B5 /* PodsBinaryCacheExample */,
				FD5D535D2501C124008D36B5 /* Products */,
				49C4AE7F8349762F7A6FA337 /* Pods */,
				2C94483D39FB3C30DD82046A /* Frameworks */,
			);
			sourceTree = "<group>";
		};
		FD5D535D2501C124008D36B5 /* Products */ = {
			isa = PBXGroup;
			children = (
				FD5D535C2501C124008D36B5 /* PodsBinaryCacheExample.app */,
			);
			name = Products;
			sourceTree = "<group>";
		};
		FD5D535E2501C124008D36B5 /* PodsBinaryCacheExample */ = {
			isa = PBXGroup;
			children = (
				FD5D535F2501C124008D36B5 /* AppDelegate.swift */,
				FD5D53632501C124008D36B5 /* ViewController.swift */,
				FD5D53652501C124008D36B5 /* Main.storyboard */,
				FD5D53682501C126008D36B5 /* Assets.xcassets */,
				FD5D536A2501C126008D36B5 /* LaunchScreen.storyboard */,
				FD5D536D2501C126008D36B5 /* Info.plist */,
			);
			path = PodsBinaryCacheExample;
			sourceTree = "<group>";
		};
/* End PBXGroup section */

/* Begin PBXNativeTarget section */
		FD5D535B2501C124008D36B5 /* PodsBinaryCacheExample */ = {
			isa = PBXNativeTarget;
			buildConfigurationList = FD5D53702501C126008D36B5 /* Build configuration list for PBXNativeTarget "PodsBinaryCacheExample" */;
			buildPhases = (
				F351BE43AD5F28E11F1AFFFD /* [CP] Check Pods Manifest.lock */,
				FD5D53582501C124008D36B5 /* Sources */,
				FD5D53592501C124008D36B5 /* Frameworks */,
				FD5D535A2501C124008D36B5 /* Resources */,
			);
			buildRules = (
			);
			dependencies = (
			);
			name = PodsBinaryCacheExample;
			productName = PodsBinaryCacheExample;
			productReference = FD5D535C2501C124008D36B5 /* PodsBinaryCacheExample.app */;
			productType = "com.apple.product-type.application";
		};
/* End PBXNativeTarget section */

/* Begin PBXProject section */
		FD5D53542501C124008D36B5 /* Project object */ = {
			isa = PBXProject;
			attributes = {
				LastSwiftUpdateCheck = 1140;
				LastUpgradeCheck = 1140;
				ORGANIZATIONNAME = yochidros;
				TargetAttributes = {
					FD5D535B2501C124008D36B5 = {
						CreatedOnToolsVersion = 11.4.1;
					};
				};
			};
			buildConfigurationList = FD5D53572501C124008D36B5 /* Build configuration list for PBXProject "PodsBinaryCacheExample" */;
			compatibilityVersion = "Xcode 9.3";
			developmentRegion = en;
			hasScannedForEncodings = 0;
			knownRegions = (
				en,
				Base,
			);
			mainGroup = FD5D53532501C124008D36B5;
			productRefGroup = FD5D535D2501C124008D36B5 /* Products */;
			projectDirPath = "";
			projectRoot = "";
			targets = (
				FD5D535B2501C124008D36B5 /* PodsBinaryCacheExample */,
			);
		};
/* End PBXProject section */

/* Begin PBXResourcesBuildPhase section */
		FD5D535A2501C124008D36B5 /* Resources */ = {
			isa = PBXResourcesBuildPhase;
			buildActionMask = 2147483647;
			files = (
				FD5D536C2501C126008D36B5 /* LaunchScreen.storyboard in Resources */,
				FD5D53692501C126008D36B5 /* Assets.xcassets in Resources */,
				FD5D53672501C124008D36B5 /* Main.storyboard in Resources */,
			);
			runOnlyForDeploymentPostprocessing = 0;
		};
/* End PBXResourcesBuildPhase section */

/* Begin PBXShellScriptBuildPhase section */
		F351BE43AD5F28E11F1AFFFD /* [CP] Check Pods Manifest.lock */ = {
			isa = PBXShellScriptBuildPhase;
			buildActionMask = 2147483647;
			files = (
			);
			inputFileListPaths = (
			);
			inputPaths = (
				"${PODS_PODFILE_DIR_PATH}/Podfile.lock",
				"${PODS_ROOT}/Manifest.lock",
			);
			name = "[CP] Check Pods Manifest.lock";
			outputFileListPaths = (
			);
			outputPaths = (
				"$(DERIVED_FILE_DIR)/Pods-PodsBinaryCacheExample-checkManifestLockResult.txt",
			);
			runOnlyForDeploymentPostprocessing = 0;
			shellPath = /bin/sh;
			shellScript = "diff \"${PODS_PODFILE_DIR_PATH}/Podfile.lock\" \"${PODS_ROOT}/Manifest.lock\" > /dev/null\nif [ $? != 0 ] ; then\n    # print error to STDERR\n    echo \"error: The sandbox is not in sync with the Podfile.lock. Run 'pod install' or update your CocoaPods installation.\" >&2\n    exit 1\nfi\n# This output is used by Xcode 'outputs' to avoid re-running this script phase.\necho \"SUCCESS\" > \"${SCRIPT_OUTPUT_FILE_0}\"\n";
			showEnvVarsInLog = 0;
		};
/* End PBXShellScriptBuildPhase section */

/* Begin PBXSourcesBuildPhase section */
		FD5D53582501C124008D36B5 /* Sources */ = {
			isa = PBXSourcesBuildPhase;
			buildActionMask = 2147483647;
			files = (
				FD5D53642501C124008D36B5 /* ViewController.swift in Sources */,
				FD5D53602501C124008D36B5 /* AppDelegate.swift in Sources */,
			);
			runOnlyForDeploymentPostprocessing = 0;
		};
/* End PBXSourcesBuildPhase section */

/* Begin PBXVariantGroup section */
		FD5D53652501C124008D36B5 /* Main.storyboard */ = {
			isa = PBXVariantGroup;
			children = (
				FD5D53662501C124008D36B5 /* Base */,
			);
			name = Main.storyboard;
			sourceTree = "<group>";
		};
		FD5D536A2501C126008D36B5 /* LaunchScreen.storyboard */ = {
			isa = PBXVariantGroup;
			children = (
				FD5D536B2501C126008D36B5 /* Base */,
			);
			name = LaunchScreen.storyboard;
			sourceTree = "<group>";
		};
/* End PBXVariantGroup section */

/* Begin XCBuildConfiguration section */
		FD5D536E2501C126008D36B5 /* Debug */ = {
			isa = XCBuildConfiguration;
			buildSettings = {
				ALWAYS_SEARCH_USER_PATHS = NO;
				CLANG_ANALYZER_NONNULL = YES;
				CLANG_ANALYZER_NUMBER_OBJECT_CONVERSION = YES_AGGRESSIVE;
				CLANG_CXX_LANGUAGE_STANDARD = "gnu++14";
				CLANG_CXX_LIBRARY = "libc++";
				CLANG_ENABLE_MODULES = YES;
				CLANG_ENABLE_OBJC_ARC = YES;
				CLANG_ENABLE_OBJC_WEAK = YES;
				CLANG_WARN_BLOCK_CAPTURE_AUTORELEASING = YES;
				CLANG_WARN_BOOL_CONVERSION = YES;
				CLANG_WARN_COMMA = YES;
				CLANG_WARN_CONSTANT_CONVERSION = YES;
				CLANG_WARN_DEPRECATED_OBJC_IMPLEMENTATIONS = YES;
				CLANG_WARN_DIRECT_OBJC_ISA_USAGE = YES_ERROR;
				CLANG_WARN_DOCUMENTATION_COMMENTS = YES;
				CLANG_WARN_EMPTY_BODY = YES;
				CLANG_WARN_ENUM_CONVERSION = YES;
				CLANG_WARN_INFINITE_RECURSION = YES;
				CLANG_WARN_INT_CONVERSION = YES;
				CLANG_WARN_NON_LITERAL_NULL_CONVERSION = YES;
				CLANG_WARN_OBJC_IMPLICIT_RETAIN_SELF = YES;
				CLANG_WARN_OBJC_LITERAL_CONVERSION = YES;
				CLANG_WARN_OBJC_ROOT_CLASS = YES_ERROR;
				CLANG_WARN_RANGE_LOOP_ANALYSIS = YES;
				CLANG_WARN_STRICT_PROTOTYPES = YES;
				CLANG_WARN_SUSPICIOUS_MOVE = YES;
				CLANG_WARN_UNGUARDED_AVAILABILITY = YES_AGGRESSIVE;
				CLANG_WARN_UNREACHABLE_CODE = YES;
				CLANG_WARN__DUPLICATE_METHOD_MATCH = YES;
				COPY_PHASE_STRIP = NO;
				DEBUG_INFORMATION_FORMAT = dwarf;
				ENABLE_STRICT_OBJC_MSGSEND = YES;
				ENABLE_TESTABILITY = YES;
				GCC_C_LANGUAGE_STANDARD = gnu11;
				GCC_DYNAMIC_NO_PIC = NO;
				GCC_NO_COMMON_BLOCKS = YES;
				GCC_OPTIMIZATION_LEVEL = 0;
				GCC_PREPROCESSOR_DEFINITIONS = (
					"DEBUG=1",
					"$(inherited)",
				);
				GCC_WARN_64_TO_32_BIT_CONVERSION = YES;
				GCC_WARN_ABOUT_RETURN_TYPE = YES_ERROR;
				GCC_WARN_UNDECLARED_SELECTOR = YES;
				GCC_WARN_UNINITIALIZED_AUTOS = YES_AGGRESSIVE;
				GCC_WARN_UNUSED_FUNCTION = YES;
				GCC_WARN_UNUSED_VARIABLE = YES;
				IPHONEOS_DEPLOYMENT_TARGET = 11.0;
				MTL_ENABLE_DEBUG_INFO = INCLUDE_SOURCE;
				MTL_FAST_MATH = YES;
				ONLY_ACTIVE_ARCH = YES;
				SDKROOT = iphoneos;
				SWIFT_ACTIVE_COMPILATION_CONDITIONS = DEBUG;
				SWIFT_OPTIMIZATION_LEVEL = "-Onone";
			};
			name = Debug;
		};
		FD5D536F2501C126008D36B5 /* Release */ = {
			isa = XCBuildConfiguration;
			buildSettings = {
				ALWAYS_SEARCH_USER_PATHS = NO;
				CLANG_ANALYZER_NONNULL = YES;
				CLANG_ANALYZER_NUMBER_OBJECT_CONVERSION = YES_AGGRESSIVE;
				CLANG_CXX_LANGUAGE_STANDARD = "gnu++14";
				CLANG_CXX_LIBRARY = "libc++";
				CLANG_ENABLE_MODULES = YES;
				CLANG_ENABLE_OBJC_ARC = YES;
				CLANG_ENABLE_OBJC_WEAK = YES;
				CLANG_WARN_BLOCK_CAPTURE_AUTORELEASING = YES;
				CLANG_WARN_BOOL_CONVERSION = YES;
				CLANG_WARN_COMMA = YES;
				CLANG_WARN_CONSTANT_CONVERSION = YES;
				CLANG_WARN_DEPRECATED_OBJC_IMPLEMENTATIONS = YES;
				CLANG_WARN_DIRECT_OBJC_ISA_USAGE = YES_ERROR;
				CLANG_WARN_DOCUMENTATION_COMMENTS = YES;
				CLANG_WARN_EMPTY_BODY = YES;
				CLANG_WARN_ENUM_CONVERSION = YES;
				CLANG_WARN_INFINITE_RECURSION = YES;
				CLANG_WARN_INT_CONVERSION = YES;
				CLANG_WARN_NON_LITERAL_NULL_CONVERSION = YES;
				CLANG_WARN_OBJC_IMPLICIT_RETAIN_SELF = YES;
				CLANG_WARN_OBJC_LITERAL_CONVERSION = YES;
				CLANG_WARN_OBJC_ROOT_CLASS = YES_ERROR;
				CLANG_WARN_RANGE_LOOP_ANALYSIS = YES;
				CLANG_WARN_STRICT_PROTOTYPES = YES;
				CLANG_WARN_SUSPICIOUS_MOVE = YES;
				CLANG_WARN_UNGUARDED_AVAILABILITY = YES_AGGRESSIVE;
				CLANG_WARN_UNREACHABLE_CODE = YES;
				CLANG_WARN__DUPLICATE_METHOD_MATCH = YES;
				COPY_PHASE_STRIP = NO;
				DEBUG_INFORMATION_FORMAT = "dwarf-with-dsym";
				ENABLE_NS_ASSERTIONS = NO;
				ENABLE_STRICT_OBJC_MSGSEND = YES;
				GCC_C_LANGUAGE_STANDARD = gnu11;
				GCC_NO_COMMON_BLOCKS = YES;
				GCC_WARN_64_TO_32_BIT_CONVERSION = YES;
				GCC_WARN_ABOUT_RETURN_TYPE = YES_ERROR;
				GCC_WARN_UNDECLARED_SELECTOR = YES;
				GCC_WARN_UNINITIALIZED_AUTOS = YES_AGGRESSIVE;
				GCC_WARN_UNUSED_FUNCTION = YES;
				GCC_WARN_UNUSED_VARIABLE = YES;
				IPHONEOS_DEPLOYMENT_TARGET = 11.0;
				MTL_ENABLE_DEBUG_INFO = NO;
				MTL_FAST_MATH = YES;
				SDKROOT = iphoneos;
				SWIFT_COMPILATION_MODE = wholemodule;
				SWIFT_OPTIMIZATION_LEVEL = "-O";
				VALIDATE_PRODUCT = YES;
			};
			name = Release;
		};
		FD5D53712501C126008D36B5 /* Debug */ = {
			isa = XCBuildConfiguration;
			baseConfigurationReference = DB34DD8F70D60445B8E784F2 /* Pods-PodsBinaryCacheExample.debug.xcconfig */;
			buildSettings = {
				ASSETCATALOG_COMPILER_APPICON_NAME = AppIcon;
				CODE_SIGN_STYLE = Automatic;
				DEVELOPMENT_TEAM = KP2WN7C9HV;
				INFOPLIST_FILE = PodsBinaryCacheExample/Info.plist;
				IPHONEOS_DEPLOYMENT_TARGET = 11.0;
				LD_RUNPATH_SEARCH_PATHS = (
					"$(inherited)",
					"@executable_path/Frameworks",
				);
				PRODUCT_BUNDLE_IDENTIFIER = com.yochidros.PodsBinaryCacheExample;
				PRODUCT_NAME = "$(TARGET_NAME)";
				SWIFT_VERSION = 5.0;
				TARGETED_DEVICE_FAMILY = "1,2";
			};
			name = Debug;
		};
		FD5D53722501C126008D36B5 /* Release */ = {
			isa = XCBuildConfiguration;
			baseConfigurationReference = 5769AEF17FE00D4DD09A46B1 /* Pods-PodsBinaryCacheExample.release.xcconfig */;
			buildSettings = {
				ASSETCATALOG_COMPILER_APPICON_NAME = AppIcon;
				CODE_SIGN_STYLE = Automatic;
				DEVELOPMENT_TEAM = KP2WN7C9HV;
				INFOPLIST_FILE = PodsBinaryCacheExample/Info.plist;
				IPHONEOS_DEPLOYMENT_TARGET = 11.0;
				LD_RUNPATH_SEARCH_PATHS = (
					"$(inherited)",
					"@executable_path/Frameworks",
				);
				PRODUCT_BUNDLE_IDENTIFIER = com.yochidros.PodsBinaryCacheExample;
				PRODUCT_NAME = "$(TARGET_NAME)";
				SWIFT_VERSION = 5.0;
				TARGETED_DEVICE_FAMILY = "1,2";
			};
			name = Release;
		};
/* End XCBuildConfiguration section */

/* Begin XCConfigurationList section */
		FD5D53572501C124008D36B5 /* Build configuration list for PBXProject "PodsBinaryCacheExample" */ = {
			isa = XCConfigurationList;
			buildConfigurations = (
				FD5D536E2501C126008D36B5 /* Debug */,
				FD5D536F2501C126008D36B5 /* Release */,
			);
			defaultConfigurationIsVisible = 0;
			defaultConfigurationName = Release;
		};
		FD5D53702501C126008D36B5 /* Build configuration list for PBXNativeTarget "PodsBinaryCacheExample" */ = {
			isa = XCConfigurationList;
			buildConfigurations = (
				FD5D53712501C126008D36B5 /* Debug */,
				FD5D53722501C126008D36B5 /* Release */,
			);
			defaultConfigurationIsVisible = 0;
			defaultConfigurationName = Release;
		};
/* End XCConfigurationList section */
	};
	rootObject = FD5D53542501C124008D36B5 /* Project object */;
}
